
Microsoft Visual Studio Solution File, Format Version 12.00
# Visual Studio 15
VisualStudioVersion = 15.0.28307.1169
MinimumVisualStudioVersion = 10.0.40219.1
Project("{9A19103F-16F7-4668-BE54-9A1E7A4F7556}") = "U1-24-NR-ND", "U1-24-NR-ND.csproj", "{74ABD4B7-8FF7-4849-8AEA-A24A99890074}"
EndProject
Global
	GlobalSection(SolutionConfigurationPlatforms) = preSolution
		Debug|Any CPU = Debug|Any CPU
		Release|Any CPU = Release|Any CPU
	EndGlobalSection
	GlobalSection(ProjectConfigurationPlatforms) = postSolution
		{74ABD4B7-8FF7-4849-8AEA-A24A99890074}.Debug|Any CPU.ActiveCfg = Debug|Any CPU
		{74ABD4B7-8FF7-4849-8AEA-A24A99890074}.Debug|Any CPU.Build.0 = Debug|Any CPU
		{74ABD4B7-8FF7-4849-8AEA-A24A99890074}.Release|Any CPU.ActiveCfg = Release|Any CPU
		{74ABD4B7-8FF7-4849-8AEA-A24A99890074}.Release|Any CPU.Build.0 = Release|Any CPU
	EndGlobalSection
	GlobalSection(SolutionProperties) = preSolution
		HideSolutionNode = FALSE
	EndGlobalSection
	GlobalSection(ExtensibilityGlobals) = postSolution
		SolutionGuid = {714455FC-918C-4762-93E8-7026640402B5}
	EndGlobalSection
EndGlobal
