
Microsoft Visual Studio Solution File, Format Version 12.00
# Visual Studio 15
VisualStudioVersion = 15.0.28307.1169
MinimumVisualStudioVersion = 10.0.40219.1
Project("{9A19103F-16F7-4668-BE54-9A1E7A4F7556}") = "Lab1.Exercise.Regular", "Lab1.Exercise.Regular.csproj", "{180FE620-80C8-4D69-98A9-F1B5DE6AE554}"
EndProject
Global
	GlobalSection(SolutionConfigurationPlatforms) = preSolution
		Debug|Any CPU = Debug|Any CPU
		Release|Any CPU = Release|Any CPU
	EndGlobalSection
	GlobalSection(ProjectConfigurationPlatforms) = postSolution
		{180FE620-80C8-4D69-98A9-F1B5DE6AE554}.Debug|Any CPU.ActiveCfg = Debug|Any CPU
		{180FE620-80C8-4D69-98A9-F1B5DE6AE554}.Debug|Any CPU.Build.0 = Debug|Any CPU
		{180FE620-80C8-4D69-98A9-F1B5DE6AE554}.Release|Any CPU.ActiveCfg = Release|Any CPU
		{180FE620-80C8-4D69-98A9-F1B5DE6AE554}.Release|Any CPU.Build.0 = Release|Any CPU
	EndGlobalSection
	GlobalSection(SolutionProperties) = preSolution
		HideSolutionNode = FALSE
	EndGlobalSection
	GlobalSection(ExtensibilityGlobals) = postSolution
		SolutionGuid = {0BC42F3E-5230-44D1-8407-0BAB189541B2}
	EndGlobalSection
EndGlobal
